// !$*UTF8*$!
{
	archiveVersion = 1;
	classes = {
	};
	objectVersion = 46;
	objects = {

/* Begin PBXBuildFile section */
		BEF06D9103AC610CA22EE5F1 /* AwarenessViewController.m in Sources */ = {isa = PBXBuildFile; fileRef = BEF061BE5DA6B9EB8AA2083A /* AwarenessViewController.m */; };
		EA4A01131B2880D70032A02A /* main.m in Sources */ = {isa = PBXBuildFile; fileRef = EA4A01121B2880D70032A02A /* main.m */; };
		EA4A01161B2880D70032A02A /* AppDelegate.m in Sources */ = {isa = PBXBuildFile; fileRef = EA4A01151B2880D70032A02A /* AppDelegate.m */; };
		EA4A011E1B2880D70032A02A /* Images.xcassets in Resources */ = {isa = PBXBuildFile; fileRef = EA4A011D1B2880D70032A02A /* Images.xcassets */; };
		EA4A01211B2880D70032A02A /* LaunchScreen.xib in Resources */ = {isa = PBXBuildFile; fileRef = EA4A011F1B2880D70032A02A /* LaunchScreen.xib */; };
		EA4A012D1B2880D70032A02A /* MyAwarenessTests.m in Sources */ = {isa = PBXBuildFile; fileRef = EA4A012C1B2880D70032A02A /* MyAwarenessTests.m */; };
		EACCD2D51B295F9C0040DC78 /* Main.storyboard in Resources */ = {isa = PBXBuildFile; fileRef = EACCD2D71B295F9C0040DC78 /* Main.storyboard */; };
		EACCD2E41B2971350040DC78 /* FMDatabase.m in Sources */ = {isa = PBXBuildFile; fileRef = EACCD2DA1B2971350040DC78 /* FMDatabase.m */; };
		EACCD2E51B2971350040DC78 /* FMDatabaseAdditions.m in Sources */ = {isa = PBXBuildFile; fileRef = EACCD2DC1B2971350040DC78 /* FMDatabaseAdditions.m */; };
		EACCD2E61B2971350040DC78 /* FMDatabasePool.m in Sources */ = {isa = PBXBuildFile; fileRef = EACCD2DE1B2971350040DC78 /* FMDatabasePool.m */; };
		EACCD2E71B2971350040DC78 /* FMDatabaseQueue.m in Sources */ = {isa = PBXBuildFile; fileRef = EACCD2E01B2971350040DC78 /* FMDatabaseQueue.m */; };
		EACCD2E81B2971350040DC78 /* FMResultSet.m in Sources */ = {isa = PBXBuildFile; fileRef = EACCD2E31B2971350040DC78 /* FMResultSet.m */; };
		EACCD2EB1B2979A70040DC78 /* Summary.m in Sources */ = {isa = PBXBuildFile; fileRef = EACCD2EA1B2979A70040DC78 /* Summary.m */; };
		EACCD2EE1B297CB10040DC78 /* DBManager.m in Sources */ = {isa = PBXBuildFile; fileRef = EACCD2ED1B297CB10040DC78 /* DBManager.m */; };
		EACCD2F01B2999F60040DC78 /* libsqlite3.dylib in Frameworks */ = {isa = PBXBuildFile; fileRef = EACCD2EF1B2999F60040DC78 /* libsqlite3.dylib */; };
		EACCD3251B299CB90040DC78 /* ViewController.m in Sources */ = {isa = PBXBuildFile; fileRef = EACCD3241B299CB90040DC78 /* ViewController.m */; };
		EACCD3281B299D630040DC78 /* ListViewController.m in Sources */ = {isa = PBXBuildFile; fileRef = EACCD3271B299D630040DC78 /* ListViewController.m */; };
		EAD13F6E1B2887E10079F26D /* Localizable.strings in Resources */ = {isa = PBXBuildFile; fileRef = EAD13F701B2887E10079F26D /* Localizable.strings */; };
		EAD13F7E1B289FEB0079F26D /* AboutViewController.m in Sources */ = {isa = PBXBuildFile; fileRef = EAD13F751B289FEB0079F26D /* AboutViewController.m */; };
		EAD13F7F1B289FEB0079F26D /* PersonalSignViewController.m in Sources */ = {isa = PBXBuildFile; fileRef = EAD13F771B289FEB0079F26D /* PersonalSignViewController.m */; };
		EAD13F801B289FEB0079F26D /* ScanQRViewController.m in Sources */ = {isa = PBXBuildFile; fileRef = EAD13F791B289FEB0079F26D /* ScanQRViewController.m */; };
		EAD13F811B289FEB0079F26D /* SettingTableViewCell.m in Sources */ = {isa = PBXBuildFile; fileRef = EAD13F7B1B289FEB0079F26D /* SettingTableViewCell.m */; };
		EAD13F821B289FEB0079F26D /* SettingViewController.m in Sources */ = {isa = PBXBuildFile; fileRef = EAD13F7D1B289FEB0079F26D /* SettingViewController.m */; };
/* End PBXBuildFile section */

/* Begin PBXContainerItemProxy section */
		EA4A01271B2880D70032A02A /* PBXContainerItemProxy */ = {
			isa = PBXContainerItemProxy;
			containerPortal = EA4A01051B2880D70032A02A /* Project object */;
			proxyType = 1;
			remoteGlobalIDString = EA4A010C1B2880D70032A02A;
			remoteInfo = MyAwareness;
		};
/* End PBXContainerItemProxy section */

/* Begin PBXFileReference section */
		BEF061BE5DA6B9EB8AA2083A /* AwarenessViewController.m */ = {isa = PBXFileReference; fileEncoding = 4; lastKnownFileType = sourcecode.c.objc; path = AwarenessViewController.m; sourceTree = "<group>"; };
		BEF06316AA75B388757BB18D /* AwarenessViewController.h */ = {isa = PBXFileReference; fileEncoding = 4; lastKnownFileType = sourcecode.c.h; path = AwarenessViewController.h; sourceTree = "<group>"; };
		BEF06FA36DE69FE7136B10A2 /* Defines.h */ = {isa = PBXFileReference; fileEncoding = 4; lastKnownFileType = sourcecode.c.h; path = Defines.h; sourceTree = "<group>"; };
		EA4A010D1B2880D70032A02A /* MyAwareness.app */ = {isa = PBXFileReference; explicitFileType = wrapper.application; includeInIndex = 0; path = MyAwareness.app; sourceTree = BUILT_PRODUCTS_DIR; };
		EA4A01111B2880D70032A02A /* Info.plist */ = {isa = PBXFileReference; lastKnownFileType = text.plist.xml; path = Info.plist; sourceTree = "<group>"; };
		EA4A01121B2880D70032A02A /* main.m */ = {isa = PBXFileReference; lastKnownFileType = sourcecode.c.objc; path = main.m; sourceTree = "<group>"; };
		EA4A01141B2880D70032A02A /* AppDelegate.h */ = {isa = PBXFileReference; lastKnownFileType = sourcecode.c.h; path = AppDelegate.h; sourceTree = "<group>"; };
		EA4A01151B2880D70032A02A /* AppDelegate.m */ = {isa = PBXFileReference; lastKnownFileType = sourcecode.c.objc; path = AppDelegate.m; sourceTree = "<group>"; };
		EA4A011D1B2880D70032A02A /* Images.xcassets */ = {isa = PBXFileReference; lastKnownFileType = folder.assetcatalog; path = Images.xcassets; sourceTree = "<group>"; };
		EA4A01201B2880D70032A02A /* Base */ = {isa = PBXFileReference; lastKnownFileType = file.xib; name = Base; path = Base.lproj/LaunchScreen.xib; sourceTree = "<group>"; };
		EA4A01261B2880D70032A02A /* MyAwarenessTests.xctest */ = {isa = PBXFileReference; explicitFileType = wrapper.cfbundle; includeInIndex = 0; path = MyAwarenessTests.xctest; sourceTree = BUILT_PRODUCTS_DIR; };
		EA4A012B1B2880D70032A02A /* Info.plist */ = {isa = PBXFileReference; lastKnownFileType = text.plist.xml; path = Info.plist; sourceTree = "<group>"; };
		EA4A012C1B2880D70032A02A /* MyAwarenessTests.m */ = {isa = PBXFileReference; lastKnownFileType = sourcecode.c.objc; path = MyAwarenessTests.m; sourceTree = "<group>"; };
		EACCD2D61B295F9C0040DC78 /* Base */ = {isa = PBXFileReference; lastKnownFileType = file.storyboard; name = Base; path = Base.lproj/Main.storyboard; sourceTree = "<group>"; };
		EACCD2D91B2971350040DC78 /* FMDatabase.h */ = {isa = PBXFileReference; fileEncoding = 4; lastKnownFileType = sourcecode.c.h; path = FMDatabase.h; sourceTree = "<group>"; };
		EACCD2DA1B2971350040DC78 /* FMDatabase.m */ = {isa = PBXFileReference; fileEncoding = 4; lastKnownFileType = sourcecode.c.objc; path = FMDatabase.m; sourceTree = "<group>"; };
		EACCD2DB1B2971350040DC78 /* FMDatabaseAdditions.h */ = {isa = PBXFileReference; fileEncoding = 4; lastKnownFileType = sourcecode.c.h; path = FMDatabaseAdditions.h; sourceTree = "<group>"; };
		EACCD2DC1B2971350040DC78 /* FMDatabaseAdditions.m */ = {isa = PBXFileReference; fileEncoding = 4; lastKnownFileType = sourcecode.c.objc; path = FMDatabaseAdditions.m; sourceTree = "<group>"; };
		EACCD2DD1B2971350040DC78 /* FMDatabasePool.h */ = {isa = PBXFileReference; fileEncoding = 4; lastKnownFileType = sourcecode.c.h; path = FMDatabasePool.h; sourceTree = "<group>"; };
		EACCD2DE1B2971350040DC78 /* FMDatabasePool.m */ = {isa = PBXFileReference; fileEncoding = 4; lastKnownFileType = sourcecode.c.objc; path = FMDatabasePool.m; sourceTree = "<group>"; };
		EACCD2DF1B2971350040DC78 /* FMDatabaseQueue.h */ = {isa = PBXFileReference; fileEncoding = 4; lastKnownFileType = sourcecode.c.h; path = FMDatabaseQueue.h; sourceTree = "<group>"; };
		EACCD2E01B2971350040DC78 /* FMDatabaseQueue.m */ = {isa = PBXFileReference; fileEncoding = 4; lastKnownFileType = sourcecode.c.objc; path = FMDatabaseQueue.m; sourceTree = "<group>"; };
		EACCD2E11B2971350040DC78 /* FMDB.h */ = {isa = PBXFileReference; fileEncoding = 4; lastKnownFileType = sourcecode.c.h; path = FMDB.h; sourceTree = "<group>"; };
		EACCD2E21B2971350040DC78 /* FMResultSet.h */ = {isa = PBXFileReference; fileEncoding = 4; lastKnownFileType = sourcecode.c.h; path = FMResultSet.h; sourceTree = "<group>"; };
		EACCD2E31B2971350040DC78 /* FMResultSet.m */ = {isa = PBXFileReference; fileEncoding = 4; lastKnownFileType = sourcecode.c.objc; path = FMResultSet.m; sourceTree = "<group>"; };
		EACCD2E91B2979A70040DC78 /* Summary.h */ = {isa = PBXFileReference; fileEncoding = 4; lastKnownFileType = sourcecode.c.h; path = Summary.h; sourceTree = "<group>"; };
		EACCD2EA1B2979A70040DC78 /* Summary.m */ = {isa = PBXFileReference; fileEncoding = 4; lastKnownFileType = sourcecode.c.objc; path = Summary.m; sourceTree = "<group>"; };
		EACCD2EC1B297CB10040DC78 /* DBManager.h */ = {isa = PBXFileReference; fileEncoding = 4; lastKnownFileType = sourcecode.c.h; path = DBManager.h; sourceTree = "<group>"; };
		EACCD2ED1B297CB10040DC78 /* DBManager.m */ = {isa = PBXFileReference; fileEncoding = 4; lastKnownFileType = sourcecode.c.objc; path = DBManager.m; sourceTree = "<group>"; };
		EACCD2EF1B2999F60040DC78 /* libsqlite3.dylib */ = {isa = PBXFileReference; lastKnownFileType = "compiled.mach-o.dylib"; name = libsqlite3.dylib; path = usr/lib/libsqlite3.dylib; sourceTree = SDKROOT; };
		EACCD3231B299CB90040DC78 /* ViewController.h */ = {isa = PBXFileReference; fileEncoding = 4; lastKnownFileType = sourcecode.c.h; path = ViewController.h; sourceTree = "<group>"; };
		EACCD3241B299CB90040DC78 /* ViewController.m */ = {isa = PBXFileReference; fileEncoding = 4; lastKnownFileType = sourcecode.c.objc; path = ViewController.m; sourceTree = "<group>"; };
		EACCD3261B299D630040DC78 /* ListViewController.h */ = {isa = PBXFileReference; fileEncoding = 4; lastKnownFileType = sourcecode.c.h; path = ListViewController.h; sourceTree = "<group>"; };
		EACCD3271B299D630040DC78 /* ListViewController.m */ = {isa = PBXFileReference; fileEncoding = 4; lastKnownFileType = sourcecode.c.objc; path = ListViewController.m; sourceTree = "<group>"; };
		EAD13F6F1B2887E10079F26D /* Base */ = {isa = PBXFileReference; lastKnownFileType = text.plist.strings; name = Base; path = Base.lproj/Localizable.strings; sourceTree = "<group>"; };
		EAD13F711B28881F0079F26D /* zh-Hans */ = {isa = PBXFileReference; lastKnownFileType = text.plist.strings; name = "zh-Hans"; path = "zh-Hans.lproj/Localizable.strings"; sourceTree = "<group>"; };
		EAD13F721B289EEF0079F26D /* README.md */ = {isa = PBXFileReference; fileEncoding = 4; lastKnownFileType = net.daringfireball.markdown; path = README.md; sourceTree = "<group>"; };
		EAD13F741B289FEB0079F26D /* AboutViewController.h */ = {isa = PBXFileReference; fileEncoding = 4; lastKnownFileType = sourcecode.c.h; path = AboutViewController.h; sourceTree = "<group>"; };
		EAD13F751B289FEB0079F26D /* AboutViewController.m */ = {isa = PBXFileReference; fileEncoding = 4; lastKnownFileType = sourcecode.c.objc; path = AboutViewController.m; sourceTree = "<group>"; };
		EAD13F761B289FEB0079F26D /* PersonalSignViewController.h */ = {isa = PBXFileReference; fileEncoding = 4; lastKnownFileType = sourcecode.c.h; path = PersonalSignViewController.h; sourceTree = "<group>"; };
		EAD13F771B289FEB0079F26D /* PersonalSignViewController.m */ = {isa = PBXFileReference; fileEncoding = 4; lastKnownFileType = sourcecode.c.objc; path = PersonalSignViewController.m; sourceTree = "<group>"; };
		EAD13F781B289FEB0079F26D /* ScanQRViewController.h */ = {isa = PBXFileReference; fileEncoding = 4; lastKnownFileType = sourcecode.c.h; path = ScanQRViewController.h; sourceTree = "<group>"; };
		EAD13F791B289FEB0079F26D /* ScanQRViewController.m */ = {isa = PBXFileReference; fileEncoding = 4; lastKnownFileType = sourcecode.c.objc; path = ScanQRViewController.m; sourceTree = "<group>"; };
		EAD13F7A1B289FEB0079F26D /* SettingTableViewCell.h */ = {isa = PBXFileReference; fileEncoding = 4; lastKnownFileType = sourcecode.c.h; path = SettingTableViewCell.h; sourceTree = "<group>"; };
		EAD13F7B1B289FEB0079F26D /* SettingTableViewCell.m */ = {isa = PBXFileReference; fileEncoding = 4; lastKnownFileType = sourcecode.c.objc; path = SettingTableViewCell.m; sourceTree = "<group>"; };
		EAD13F7C1B289FEB0079F26D /* SettingViewController.h */ = {isa = PBXFileReference; fileEncoding = 4; lastKnownFileType = sourcecode.c.h; path = SettingViewController.h; sourceTree = "<group>"; };
		EAD13F7D1B289FEB0079F26D /* SettingViewController.m */ = {isa = PBXFileReference; fileEncoding = 4; lastKnownFileType = sourcecode.c.objc; path = SettingViewController.m; sourceTree = "<group>"; };
/* End PBXFileReference section */

/* Begin PBXFrameworksBuildPhase section */
		EA4A010A1B2880D70032A02A /* Frameworks */ = {
			isa = PBXFrameworksBuildPhase;
			buildActionMask = 2147483647;
			files = (
				EACCD2F01B2999F60040DC78 /* libsqlite3.dylib in Frameworks */,
			);
			runOnlyForDeploymentPostprocessing = 0;
		};
		EA4A01231B2880D70032A02A /* Frameworks */ = {
			isa = PBXFrameworksBuildPhase;
			buildActionMask = 2147483647;
			files = (
			);
			runOnlyForDeploymentPostprocessing = 0;
		};
/* End PBXFrameworksBuildPhase section */

/* Begin PBXGroup section */
		BEF06435A52F813DF906A10B /* Awareness */ = {
			isa = PBXGroup;
			children = (
				EACCD3261B299D630040DC78 /* ListViewController.h */,
				EACCD3271B299D630040DC78 /* ListViewController.m */,
				EACCD2EC1B297CB10040DC78 /* DBManager.h */,
				EACCD2ED1B297CB10040DC78 /* DBManager.m */,
				EACCD2E91B2979A70040DC78 /* Summary.h */,
				EACCD2EA1B2979A70040DC78 /* Summary.m */,
				BEF06316AA75B388757BB18D /* AwarenessViewController.h */,
				BEF061BE5DA6B9EB8AA2083A /* AwarenessViewController.m */,
			);
			path = Awareness;
			sourceTree = "<group>";
		};
		BEF0694F6D5C4EFF5EB66F0A /* Setting */ = {
			isa = PBXGroup;
			children = (
				EAD13F741B289FEB0079F26D /* AboutViewController.h */,
				EAD13F751B289FEB0079F26D /* AboutViewController.m */,
				EAD13F761B289FEB0079F26D /* PersonalSignViewController.h */,
				EAD13F771B289FEB0079F26D /* PersonalSignViewController.m */,
				EAD13F781B289FEB0079F26D /* ScanQRViewController.h */,
				EAD13F791B289FEB0079F26D /* ScanQRViewController.m */,
				EAD13F7A1B289FEB0079F26D /* SettingTableViewCell.h */,
				EAD13F7B1B289FEB0079F26D /* SettingTableViewCell.m */,
				EAD13F7C1B289FEB0079F26D /* SettingViewController.h */,
				EAD13F7D1B289FEB0079F26D /* SettingViewController.m */,
			);
			path = Setting;
			sourceTree = "<group>";
		};
		EA4A01041B2880D70032A02A = {
			isa = PBXGroup;
			children = (
				EACCD2EF1B2999F60040DC78 /* libsqlite3.dylib */,
				EAD13F721B289EEF0079F26D /* README.md */,
				EACCD2D81B2971350040DC78 /* fmdb */,
				EA4A010F1B2880D70032A02A /* MyAwareness */,
				EA4A01291B2880D70032A02A /* MyAwarenessTests */,
				EA4A010E1B2880D70032A02A /* Products */,
			);
			sourceTree = "<group>";
		};
		EA4A010E1B2880D70032A02A /* Products */ = {
			isa = PBXGroup;
			children = (
				EA4A010D1B2880D70032A02A /* MyAwareness.app */,
				EA4A01261B2880D70032A02A /* MyAwarenessTests.xctest */,
			);
			name = Products;
			sourceTree = "<group>";
		};
		EA4A010F1B2880D70032A02A /* MyAwareness */ = {
			isa = PBXGroup;
			children = (
				EACCD3231B299CB90040DC78 /* ViewController.h */,
				EACCD3241B299CB90040DC78 /* ViewController.m */,
				EACCD2D71B295F9C0040DC78 /* Main.storyboard */,
				EA4A01141B2880D70032A02A /* AppDelegate.h */,
				EA4A01151B2880D70032A02A /* AppDelegate.m */,
				EA4A011D1B2880D70032A02A /* Images.xcassets */,
				EA4A011F1B2880D70032A02A /* LaunchScreen.xib */,
				EA4A01101B2880D70032A02A /* Supporting Files */,
				BEF06435A52F813DF906A10B /* Awareness */,
				BEF0694F6D5C4EFF5EB66F0A /* Setting */,
				BEF06FA36DE69FE7136B10A2 /* Defines.h */,
			);
			path = MyAwareness;
			sourceTree = "<group>";
		};
		EA4A01101B2880D70032A02A /* Supporting Files */ = {
			isa = PBXGroup;
			children = (
				EA4A01111B2880D70032A02A /* Info.plist */,
				EA4A01121B2880D70032A02A /* main.m */,
				EAD13F701B2887E10079F26D /* Localizable.strings */,
			);
			name = "Supporting Files";
			sourceTree = "<group>";
		};
		EA4A01291B2880D70032A02A /* MyAwarenessTests */ = {
			isa = PBXGroup;
			children = (
				EA4A012C1B2880D70032A02A /* MyAwarenessTests.m */,
				EA4A012A1B2880D70032A02A /* Supporting Files */,
			);
			path = MyAwarenessTests;
			sourceTree = "<group>";
		};
		EA4A012A1B2880D70032A02A /* Supporting Files */ = {
			isa = PBXGroup;
			children = (
				EA4A012B1B2880D70032A02A /* Info.plist */,
			);
			name = "Supporting Files";
			sourceTree = "<group>";
		};
		EACCD2D81B2971350040DC78 /* fmdb */ = {
			isa = PBXGroup;
			children = (
				EACCD2D91B2971350040DC78 /* FMDatabase.h */,
				EACCD2DA1B2971350040DC78 /* FMDatabase.m */,
				EACCD2DB1B2971350040DC78 /* FMDatabaseAdditions.h */,
				EACCD2DC1B2971350040DC78 /* FMDatabaseAdditions.m */,
				EACCD2DD1B2971350040DC78 /* FMDatabasePool.h */,
				EACCD2DE1B2971350040DC78 /* FMDatabasePool.m */,
				EACCD2DF1B2971350040DC78 /* FMDatabaseQueue.h */,
				EACCD2E01B2971350040DC78 /* FMDatabaseQueue.m */,
				EACCD2E11B2971350040DC78 /* FMDB.h */,
				EACCD2E21B2971350040DC78 /* FMResultSet.h */,
				EACCD2E31B2971350040DC78 /* FMResultSet.m */,
			);
			path = fmdb;
			sourceTree = "<group>";
		};
/* End PBXGroup section */

/* Begin PBXNativeTarget section */
		EA4A010C1B2880D70032A02A /* MyAwareness */ = {
			isa = PBXNativeTarget;
			buildConfigurationList = EA4A01301B2880D70032A02A /* Build configuration list for PBXNativeTarget "MyAwareness" */;
			buildPhases = (
				EA4A01091B2880D70032A02A /* Sources */,
				EA4A010A1B2880D70032A02A /* Frameworks */,
				EA4A010B1B2880D70032A02A /* Resources */,
			);
			buildRules = (
			);
			dependencies = (
			);
			name = MyAwareness;
			productName = MyAwareness;
			productReference = EA4A010D1B2880D70032A02A /* MyAwareness.app */;
			productType = "com.apple.product-type.application";
		};
		EA4A01251B2880D70032A02A /* MyAwarenessTests */ = {
			isa = PBXNativeTarget;
			buildConfigurationList = EA4A01331B2880D70032A02A /* Build configuration list for PBXNativeTarget "MyAwarenessTests" */;
			buildPhases = (
				EA4A01221B2880D70032A02A /* Sources */,
				EA4A01231B2880D70032A02A /* Frameworks */,
				EA4A01241B2880D70032A02A /* Resources */,
			);
			buildRules = (
			);
			dependencies = (
				EA4A01281B2880D70032A02A /* PBXTargetDependency */,
			);
			name = MyAwarenessTests;
			productName = MyAwarenessTests;
			productReference = EA4A01261B2880D70032A02A /* MyAwarenessTests.xctest */;
			productType = "com.apple.product-type.bundle.unit-test";
		};
/* End PBXNativeTarget section */

/* Begin PBXProject section */
		EA4A01051B2880D70032A02A /* Project object */ = {
			isa = PBXProject;
			attributes = {
				LastUpgradeCheck = 0630;
				ORGANIZATIONNAME = luosai;
				TargetAttributes = {
					EA4A010C1B2880D70032A02A = {
						CreatedOnToolsVersion = 6.3;
					};
					EA4A01251B2880D70032A02A = {
						CreatedOnToolsVersion = 6.3;
						TestTargetID = EA4A010C1B2880D70032A02A;
					};
				};
			};
			buildConfigurationList = EA4A01081B2880D70032A02A /* Build configuration list for PBXProject "MyAwareness" */;
			compatibilityVersion = "Xcode 3.2";
			developmentRegion = English;
			hasScannedForEncodings = 0;
			knownRegions = (
				Base,
				"zh-Hans",
			);
			mainGroup = EA4A01041B2880D70032A02A;
			productRefGroup = EA4A010E1B2880D70032A02A /* Products */;
			projectDirPath = "";
			projectRoot = "";
			targets = (
				EA4A010C1B2880D70032A02A /* MyAwareness */,
				EA4A01251B2880D70032A02A /* MyAwarenessTests */,
			);
		};
/* End PBXProject section */

/* Begin PBXResourcesBuildPhase section */
		EA4A010B1B2880D70032A02A /* Resources */ = {
			isa = PBXResourcesBuildPhase;
			buildActionMask = 2147483647;
			files = (
				EAD13F6E1B2887E10079F26D /* Localizable.strings in Resources */,
				EA4A01211B2880D70032A02A /* LaunchScreen.xib in Resources */,
				EA4A011E1B2880D70032A02A /* Images.xcassets in Resources */,
				EACCD2D51B295F9C0040DC78 /* Main.storyboard in Resources */,
			);
			runOnlyForDeploymentPostprocessing = 0;
		};
		EA4A01241B2880D70032A02A /* Resources */ = {
			isa = PBXResourcesBuildPhase;
			buildActionMask = 2147483647;
			files = (
			);
			runOnlyForDeploymentPostprocessing = 0;
		};
/* End PBXResourcesBuildPhase section */

/* Begin PBXSourcesBuildPhase section */
		EA4A01091B2880D70032A02A /* Sources */ = {
			isa = PBXSourcesBuildPhase;
			buildActionMask = 2147483647;
			files = (
				EACCD2EB1B2979A70040DC78 /* Summary.m in Sources */,
				EAD13F801B289FEB0079F26D /* ScanQRViewController.m in Sources */,
				EAD13F7E1B289FEB0079F26D /* AboutViewController.m in Sources */,
				EACCD2E41B2971350040DC78 /* FMDatabase.m in Sources */,
				EAD13F811B289FEB0079F26D /* SettingTableViewCell.m in Sources */,
				EACCD2E71B2971350040DC78 /* FMDatabaseQueue.m in Sources */,
				EACCD2E81B2971350040DC78 /* FMResultSet.m in Sources */,
				EACCD3281B299D630040DC78 /* ListViewController.m in Sources */,
				EACCD2E61B2971350040DC78 /* FMDatabasePool.m in Sources */,
				EACCD2EE1B297CB10040DC78 /* DBManager.m in Sources */,
				EAD13F821B289FEB0079F26D /* SettingViewController.m in Sources */,
				EACCD3251B299CB90040DC78 /* ViewController.m in Sources */,
				EA4A01161B2880D70032A02A /* AppDelegate.m in Sources */,
				EA4A01131B2880D70032A02A /* main.m in Sources */,
				EAD13F7F1B289FEB0079F26D /* PersonalSignViewController.m in Sources */,
				EACCD2E51B2971350040DC78 /* FMDatabaseAdditions.m in Sources */,
				BEF06D9103AC610CA22EE5F1 /* AwarenessViewController.m in Sources */,
			);
			runOnlyForDeploymentPostprocessing = 0;
		};
		EA4A01221B2880D70032A02A /* Sources */ = {
			isa = PBXSourcesBuildPhase;
			buildActionMask = 2147483647;
			files = (
				EA4A012D1B2880D70032A02A /* MyAwarenessTests.m in Sources */,
			);
			runOnlyForDeploymentPostprocessing = 0;
		};
/* End PBXSourcesBuildPhase section */

/* Begin PBXTargetDependency section */
		EA4A01281B2880D70032A02A /* PBXTargetDependency */ = {
			isa = PBXTargetDependency;
			target = EA4A010C1B2880D70032A02A /* MyAwareness */;
			targetProxy = EA4A01271B2880D70032A02A /* PBXContainerItemProxy */;
		};
/* End PBXTargetDependency section */

/* Begin PBXVariantGroup section */
		EA4A011F1B2880D70032A02A /* LaunchScreen.xib */ = {
			isa = PBXVariantGroup;
			children = (
				EA4A01201B2880D70032A02A /* Base */,
			);
			name = LaunchScreen.xib;
			sourceTree = "<group>";
		};
		EACCD2D71B295F9C0040DC78 /* Main.storyboard */ = {
			isa = PBXVariantGroup;
			children = (
				EACCD2D61B295F9C0040DC78 /* Base */,
			);
			name = Main.storyboard;
			sourceTree = "<group>";
		};
		EAD13F701B2887E10079F26D /* Localizable.strings */ = {
			isa = PBXVariantGroup;
			children = (
				EAD13F6F1B2887E10079F26D /* Base */,
				EAD13F711B28881F0079F26D /* zh-Hans */,
			);
			name = Localizable.strings;
			sourceTree = "<group>";
		};
/* End PBXVariantGroup section */

/* Begin XCBuildConfiguration section */
		EA4A012E1B2880D70032A02A /* Debug */ = {
			isa = XCBuildConfiguration;
			buildSettings = {
				ALWAYS_SEARCH_USER_PATHS = NO;
				CLANG_CXX_LANGUAGE_STANDARD = "gnu++0x";
				CLANG_CXX_LIBRARY = "libc++";
				CLANG_ENABLE_MODULES = YES;
				CLANG_ENABLE_OBJC_ARC = YES;
				CLANG_WARN_BOOL_CONVERSION = YES;
				CLANG_WARN_CONSTANT_CONVERSION = YES;
				CLANG_WARN_DIRECT_OBJC_ISA_USAGE = YES_ERROR;
				CLANG_WARN_EMPTY_BODY = YES;
				CLANG_WARN_ENUM_CONVERSION = YES;
				CLANG_WARN_INT_CONVERSION = YES;
				CLANG_WARN_OBJC_ROOT_CLASS = YES_ERROR;
				CLANG_WARN_UNREACHABLE_CODE = YES;
				CLANG_WARN__DUPLICATE_METHOD_MATCH = YES;
				"CODE_SIGN_IDENTITY[sdk=iphoneos*]" = "iPhone Developer";
				COPY_PHASE_STRIP = NO;
				DEBUG_INFORMATION_FORMAT = "dwarf-with-dsym";
				ENABLE_STRICT_OBJC_MSGSEND = YES;
				GCC_C_LANGUAGE_STANDARD = gnu99;
				GCC_DYNAMIC_NO_PIC = NO;
				GCC_NO_COMMON_BLOCKS = YES;
				GCC_OPTIMIZATION_LEVEL = 0;
				GCC_PREPROCESSOR_DEFINITIONS = (
					"DEBUG=1",
					"$(inherited)",
				);
				GCC_SYMBOLS_PRIVATE_EXTERN = NO;
				GCC_WARN_64_TO_32_BIT_CONVERSION = YES;
				GCC_WARN_ABOUT_RETURN_TYPE = YES_ERROR;
				GCC_WARN_UNDECLARED_SELECTOR = YES;
				GCC_WARN_UNINITIALIZED_AUTOS = YES_AGGRESSIVE;
				GCC_WARN_UNUSED_FUNCTION = YES;
				GCC_WARN_UNUSED_VARIABLE = YES;
				IPHONEOS_DEPLOYMENT_TARGET = 8.3;
				MTL_ENABLE_DEBUG_INFO = YES;
				ONLY_ACTIVE_ARCH = YES;
				SDKROOT = iphoneos;
				TARGETED_DEVICE_FAMILY = "1,2";
			};
			name = Debug;
		};
		EA4A012F1B2880D70032A02A /* Release */ = {
			isa = XCBuildConfiguration;
			buildSettings = {
				ALWAYS_SEARCH_USER_PATHS = NO;
				CLANG_CXX_LANGUAGE_STANDARD = "gnu++0x";
				CLANG_CXX_LIBRARY = "libc++";
				CLANG_ENABLE_MODULES = YES;
				CLANG_ENABLE_OBJC_ARC = YES;
				CLANG_WARN_BOOL_CONVERSION = YES;
				CLANG_WARN_CONSTANT_CONVERSION = YES;
				CLANG_WARN_DIRECT_OBJC_ISA_USAGE = YES_ERROR;
				CLANG_WARN_EMPTY_BODY = YES;
				CLANG_WARN_ENUM_CONVERSION = YES;
				CLANG_WARN_INT_CONVERSION = YES;
				CLANG_WARN_OBJC_ROOT_CLASS = YES_ERROR;
				CLANG_WARN_UNREACHABLE_CODE = YES;
				CLANG_WARN__DUPLICATE_METHOD_MATCH = YES;
				"CODE_SIGN_IDENTITY[sdk=iphoneos*]" = "iPhone Developer";
				COPY_PHASE_STRIP = NO;
				DEBUG_INFORMATION_FORMAT = "dwarf-with-dsym";
				ENABLE_NS_ASSERTIONS = NO;
				ENABLE_STRICT_OBJC_MSGSEND = YES;
				GCC_C_LANGUAGE_STANDARD = gnu99;
				GCC_NO_COMMON_BLOCKS = YES;
				GCC_WARN_64_TO_32_BIT_CONVERSION = YES;
				GCC_WARN_ABOUT_RETURN_TYPE = YES_ERROR;
				GCC_WARN_UNDECLARED_SELECTOR = YES;
				GCC_WARN_UNINITIALIZED_AUTOS = YES_AGGRESSIVE;
				GCC_WARN_UNUSED_FUNCTION = YES;
				GCC_WARN_UNUSED_VARIABLE = YES;
				IPHONEOS_DEPLOYMENT_TARGET = 8.3;
				MTL_ENABLE_DEBUG_INFO = NO;
				SDKROOT = iphoneos;
				TARGETED_DEVICE_FAMILY = "1,2";
				VALIDATE_PRODUCT = YES;
			};
			name = Release;
		};
		EA4A01311B2880D70032A02A /* Debug */ = {
			isa = XCBuildConfiguration;
			buildSettings = {
				ASSETCATALOG_COMPILER_APPICON_NAME = AppIcon;
				ASSETCATALOG_COMPILER_LAUNCHIMAGE_NAME = LaunchImage;
				INFOPLIST_FILE = MyAwareness/Info.plist;
				IPHONEOS_DEPLOYMENT_TARGET = 7.0;
				LD_RUNPATH_SEARCH_PATHS = "$(inherited) @executable_path/Frameworks";
				PRODUCT_NAME = "$(TARGET_NAME)";
				TARGETED_DEVICE_FAMILY = "1,2";
			};
			name = Debug;
		};
		EA4A01321B2880D70032A02A /* Release */ = {
			isa = XCBuildConfiguration;
			buildSettings = {
				ASSETCATALOG_COMPILER_APPICON_NAME = AppIcon;
				ASSETCATALOG_COMPILER_LAUNCHIMAGE_NAME = LaunchImage;
				INFOPLIST_FILE = MyAwareness/Info.plist;
				IPHONEOS_DEPLOYMENT_TARGET = 7.0;
				LD_RUNPATH_SEARCH_PATHS = "$(inherited) @executable_path/Frameworks";
				PRODUCT_NAME = "$(TARGET_NAME)";
				TARGETED_DEVICE_FAMILY = "1,2";
			};
			name = Release;
		};
		EA4A01341B2880D70032A02A /* Debug */ = {
			isa = XCBuildConfiguration;
			buildSettings = {
				BUNDLE_LOADER = "$(TEST_HOST)";
				FRAMEWORK_SEARCH_PATHS = (
					"$(SDKROOT)/Developer/Library/Frameworks",
					"$(inherited)",
				);
				GCC_PREPROCESSOR_DEFINITIONS = (
					"DEBUG=1",
					"$(inherited)",
				);
				INFOPLIST_FILE = MyAwarenessTests/Info.plist;
				LD_RUNPATH_SEARCH_PATHS = "$(inherited) @executable_path/Frameworks @loader_path/Frameworks";
				PRODUCT_NAME = "$(TARGET_NAME)";
				TEST_HOST = "$(BUILT_PRODUCTS_DIR)/MyAwareness.app/MyAwareness";
			};
			name = Debug;
		};
		EA4A01351B2880D70032A02A /* Release */ = {
			isa = XCBuildConfiguration;
			buildSettings = {
				BUNDLE_LOADER = "$(TEST_HOST)";
				FRAMEWORK_SEARCH_PATHS = (
					"$(SDKROOT)/Developer/Library/Frameworks",
					"$(inherited)",
				);
				INFOPLIST_FILE = MyAwarenessTests/Info.plist;
				LD_RUNPATH_SEARCH_PATHS = "$(inherited) @executable_path/Frameworks @loader_path/Frameworks";
				PRODUCT_NAME = "$(TARGET_NAME)";
				TEST_HOST = "$(BUILT_PRODUCTS_DIR)/MyAwareness.app/MyAwareness";
			};
			name = Release;
		};
/* End XCBuildConfiguration section */

/* Begin XCConfigurationList section */
		EA4A01081B2880D70032A02A /* Build configuration list for PBXProject "MyAwareness" */ = {
			isa = XCConfigurationList;
			buildConfigurations = (
				EA4A012E1B2880D70032A02A /* Debug */,
				EA4A012F1B2880D70032A02A /* Release */,
			);
			defaultConfigurationIsVisible = 0;
			defaultConfigurationName = Release;
		};
		EA4A01301B2880D70032A02A /* Build configuration list for PBXNativeTarget "MyAwareness" */ = {
			isa = XCConfigurationList;
			buildConfigurations = (
				EA4A01311B2880D70032A02A /* Debug */,
				EA4A01321B2880D70032A02A /* Release */,
			);
			defaultConfigurationIsVisible = 0;
			defaultConfigurationName = Release;
		};
		EA4A01331B2880D70032A02A /* Build configuration list for PBXNativeTarget "MyAwarenessTests" */ = {
			isa = XCConfigurationList;
			buildConfigurations = (
				EA4A01341B2880D70032A02A /* Debug */,
				EA4A01351B2880D70032A02A /* Release */,
			);
			defaultConfigurationIsVisible = 0;
			defaultConfigurationName = Release;
		};
/* End XCConfigurationList section */
	};
	rootObject = EA4A01051B2880D70032A02A /* Project object */;
}
